// !$*UTF8*$!
{
	archiveVersion = 1;
	classes = {
	};
	objectVersion = 55;
	objects = {

/* Begin PBXBuildFile section */
		593926A828086A1D00009005 /* OAuthVKViewController.swift in Sources */ = {isa = PBXBuildFile; fileRef = 593926A728086A1D00009005 /* OAuthVKViewController.swift */; };
		593926AB28086A6800009005 /* OAuthVKBuilder.swift in Sources */ = {isa = PBXBuildFile; fileRef = 593926AA28086A6800009005 /* OAuthVKBuilder.swift */; };
		593926AE28086CF800009005 /* OAuthVKView.swift in Sources */ = {isa = PBXBuildFile; fileRef = 593926AD28086CF800009005 /* OAuthVKView.swift */; };
		593926B1280883B400009005 /* OAuthVKPresentor.swift in Sources */ = {isa = PBXBuildFile; fileRef = 593926B0280883B400009005 /* OAuthVKPresentor.swift */; };
		593926B3280883E300009005 /* OAuthVKViewOutput.swift in Sources */ = {isa = PBXBuildFile; fileRef = 593926B2280883E300009005 /* OAuthVKViewOutput.swift */; };
		593926B62808841300009005 /* OAuthVKRouter.swift in Sources */ = {isa = PBXBuildFile; fileRef = 593926B52808841300009005 /* OAuthVKRouter.swift */; };
		593926B9280885EE00009005 /* OAuthVKInteractor.swift in Sources */ = {isa = PBXBuildFile; fileRef = 593926B8280885EE00009005 /* OAuthVKInteractor.swift */; };
		593926BC2808865400009005 /* OAuthVKService.swift in Sources */ = {isa = PBXBuildFile; fileRef = 593926BB2808865400009005 /* OAuthVKService.swift */; };
		593926C228089D5800009005 /* ModelDataSession.swift in Sources */ = {isa = PBXBuildFile; fileRef = 593926C128089D5800009005 /* ModelDataSession.swift */; };
		593926C428089E3500009005 /* Session.swift in Sources */ = {isa = PBXBuildFile; fileRef = 593926C328089E3500009005 /* Session.swift */; };
		593926C628089E5900009005 /* SessionCaretaker.swift in Sources */ = {isa = PBXBuildFile; fileRef = 593926C528089E5900009005 /* SessionCaretaker.swift */; };
		59621BDF280951250043A8EA /* PromiseKit in Frameworks */ = {isa = PBXBuildFile; productRef = 59621BDE280951250043A8EA /* PromiseKit */; };
		59621BE12809516A0043A8EA /* URLConfigurator.swift in Sources */ = {isa = PBXBuildFile; fileRef = 59621BE02809516A0043A8EA /* URLConfigurator.swift */; };
		59621BE32809528D0043A8EA /* WelcomeScreenService.swift in Sources */ = {isa = PBXBuildFile; fileRef = 59621BE22809528D0043A8EA /* WelcomeScreenService.swift */; };
		59621BE6280955700043A8EA /* Errors.swift in Sources */ = {isa = PBXBuildFile; fileRef = 59621BE5280955700043A8EA /* Errors.swift */; };
		59621BE82809572D0043A8EA /* JSONModelTokenValid.swift in Sources */ = {isa = PBXBuildFile; fileRef = 59621BE72809572D0043A8EA /* JSONModelTokenValid.swift */; };
		59621BEA2809589C0043A8EA /* ServiceTokenApp.swift in Sources */ = {isa = PBXBuildFile; fileRef = 59621BE92809589C0043A8EA /* ServiceTokenApp.swift */; };
		59621BED28095E1C0043A8EA /* WelcomeScreenInteractor.swift in Sources */ = {isa = PBXBuildFile; fileRef = 59621BEC28095E1C0043A8EA /* WelcomeScreenInteractor.swift */; };
		59621BF02809675C0043A8EA /* GeneralTabBar.swift in Sources */ = {isa = PBXBuildFile; fileRef = 59621BEF2809675C0043A8EA /* GeneralTabBar.swift */; };
		59621BF5280969D10043A8EA /* ListMyFriendBuilder.swift in Sources */ = {isa = PBXBuildFile; fileRef = 59621BF4280969D10043A8EA /* ListMyFriendBuilder.swift */; };
		59621BF728096A040043A8EA /* ListMyFriendViewController.swift in Sources */ = {isa = PBXBuildFile; fileRef = 59621BF628096A040043A8EA /* ListMyFriendViewController.swift */; };
		59621BF928097D540043A8EA /* Extension+UICollectionViewCell.swift in Sources */ = {isa = PBXBuildFile; fileRef = 59621BF828097D530043A8EA /* Extension+UICollectionViewCell.swift */; };
		59621BFB28097D620043A8EA /* Extension+UITableViewCell.swift in Sources */ = {isa = PBXBuildFile; fileRef = 59621BFA28097D620043A8EA /* Extension+UITableViewCell.swift */; };
		59621BFE28097F1D0043A8EA /* HashImageService.swift in Sources */ = {isa = PBXBuildFile; fileRef = 59621BFD28097F1C0043A8EA /* HashImageService.swift */; };
		59621C002809847E0043A8EA /* Extension+UIImageView.swift in Sources */ = {isa = PBXBuildFile; fileRef = 59621BFF2809847E0043A8EA /* Extension+UIImageView.swift */; };
		59621C032809873E0043A8EA /* ListMyFriendPresentor.swift in Sources */ = {isa = PBXBuildFile; fileRef = 59621C022809873E0043A8EA /* ListMyFriendPresentor.swift */; };
		59621C06280987960043A8EA /* ListMyFriendInteractor.swift in Sources */ = {isa = PBXBuildFile; fileRef = 59621C05280987960043A8EA /* ListMyFriendInteractor.swift */; };
		59621C0A280988B90043A8EA /* ListMyFriendService.swift in Sources */ = {isa = PBXBuildFile; fileRef = 59621C09280988B90043A8EA /* ListMyFriendService.swift */; };
		59621C0C2809890D0043A8EA /* JSONModelListMyFriend.swift in Sources */ = {isa = PBXBuildFile; fileRef = 59621C0B2809890C0043A8EA /* JSONModelListMyFriend.swift */; };
		59621C0E280990420043A8EA /* ListMyFriendViewControllerOutput.swift in Sources */ = {isa = PBXBuildFile; fileRef = 59621C0D280990420043A8EA /* ListMyFriendViewControllerOutput.swift */; };
		5966C682280AA95B0012423B /* ListMyFriendView.swift in Sources */ = {isa = PBXBuildFile; fileRef = 5966C681280AA95B0012423B /* ListMyFriendView.swift */; };
		5966C685280AAB120012423B /* ListMyFriendTableViewCell.swift in Sources */ = {isa = PBXBuildFile; fileRef = 5966C684280AAB120012423B /* ListMyFriendTableViewCell.swift */; };
		5966C688280AF8280012423B /* FriendSection.swift in Sources */ = {isa = PBXBuildFile; fileRef = 5966C687280AF8280012423B /* FriendSection.swift */; };
		5966C68F280AFD6A0012423B /* ProfileFriendView.swift in Sources */ = {isa = PBXBuildFile; fileRef = 5966C68E280AFD6A0012423B /* ProfileFriendView.swift */; };
		5966C692280AFD8E0012423B /* ListMyFriendRouter.swift in Sources */ = {isa = PBXBuildFile; fileRef = 5966C691280AFD8E0012423B /* ListMyFriendRouter.swift */; };
		5966C694280B02A50012423B /* ProfileFriendPresentor.swift in Sources */ = {isa = PBXBuildFile; fileRef = 5966C693280B02A50012423B /* ProfileFriendPresentor.swift */; };
		5966C697280B05B00012423B /* ProfileFriendService.swift in Sources */ = {isa = PBXBuildFile; fileRef = 5966C696280B05B00012423B /* ProfileFriendService.swift */; };
		5966C69A280B06890012423B /* ProfileFriendBuilder.swift in Sources */ = {isa = PBXBuildFile; fileRef = 5966C699280B06890012423B /* ProfileFriendBuilder.swift */; };
		5966C69C280B173C0012423B /* JSONModelProfileFriend.swift in Sources */ = {isa = PBXBuildFile; fileRef = 5966C69B280B173C0012423B /* JSONModelProfileFriend.swift */; };
		5966C69F280B1A690012423B /* ProfileFriendInteractor.swift in Sources */ = {isa = PBXBuildFile; fileRef = 5966C69E280B1A690012423B /* ProfileFriendInteractor.swift */; };
		5966C6A4280B3D280012423B /* Kingfisher in Frameworks */ = {isa = PBXBuildFile; productRef = 5966C6A3280B3D280012423B /* Kingfisher */; };
		5966C6A7280B5EC90012423B /* SetAvatarFriend.swift in Sources */ = {isa = PBXBuildFile; fileRef = 5966C6A6280B5EC90012423B /* SetAvatarFriend.swift */; };
		59739695280BEAEE00ABFA8E /* UserFriendsView.swift in Sources */ = {isa = PBXBuildFile; fileRef = 59739694280BEAEE00ABFA8E /* UserFriendsView.swift */; };
		59739698280BEB8C00ABFA8E /* UserFriendsViewCollectionCell.swift in Sources */ = {isa = PBXBuildFile; fileRef = 59739697280BEB8C00ABFA8E /* UserFriendsViewCollectionCell.swift */; };
		5973969B280BF23200ABFA8E /* ASCollectionView in Frameworks */ = {isa = PBXBuildFile; productRef = 5973969A280BF23200ABFA8E /* ASCollectionView */; };
		597396A2280C07D300ABFA8E /* DetailInfoUser.swift in Sources */ = {isa = PBXBuildFile; fileRef = 597396A1280C07D300ABFA8E /* DetailInfoUser.swift */; };
		59D8F1FD280850D5007A5A61 /* AppDelegate.swift in Sources */ = {isa = PBXBuildFile; fileRef = 59D8F1FC280850D5007A5A61 /* AppDelegate.swift */; };
		59D8F1FF280850D5007A5A61 /* SceneDelegate.swift in Sources */ = {isa = PBXBuildFile; fileRef = 59D8F1FE280850D5007A5A61 /* SceneDelegate.swift */; };
		59D8F207280850D5007A5A61 /* VK_Viper.xcdatamodeld in Sources */ = {isa = PBXBuildFile; fileRef = 59D8F205280850D5007A5A61 /* VK_Viper.xcdatamodeld */; };
		59D8F209280850D7007A5A61 /* Assets.xcassets in Resources */ = {isa = PBXBuildFile; fileRef = 59D8F208280850D7007A5A61 /* Assets.xcassets */; };
		59D8F20C280850D7007A5A61 /* LaunchScreen.storyboard in Resources */ = {isa = PBXBuildFile; fileRef = 59D8F20A280850D7007A5A61 /* LaunchScreen.storyboard */; };
		59D8F217280850D7007A5A61 /* VK_ViperTests.swift in Sources */ = {isa = PBXBuildFile; fileRef = 59D8F216280850D7007A5A61 /* VK_ViperTests.swift */; };
		59D8F221280850D7007A5A61 /* VK_ViperUITests.swift in Sources */ = {isa = PBXBuildFile; fileRef = 59D8F220280850D7007A5A61 /* VK_ViperUITests.swift */; };
		59D8F223280850D7007A5A61 /* VK_ViperUITestsLaunchTests.swift in Sources */ = {isa = PBXBuildFile; fileRef = 59D8F222280850D7007A5A61 /* VK_ViperUITestsLaunchTests.swift */; };
		59D8F23828085243007A5A61 /* WelcomeScreenViewController.swift in Sources */ = {isa = PBXBuildFile; fileRef = 59D8F23728085243007A5A61 /* WelcomeScreenViewController.swift */; };
		59D8F23A28085293007A5A61 /* WelcomeScreenBuilder.swift in Sources */ = {isa = PBXBuildFile; fileRef = 59D8F23928085293007A5A61 /* WelcomeScreenBuilder.swift */; };
		59D8F23D280854A6007A5A61 /* WelcomeScreenView.swift in Sources */ = {isa = PBXBuildFile; fileRef = 59D8F23C280854A6007A5A61 /* WelcomeScreenView.swift */; };
		59D8F23F28085A83007A5A61 /* Extension+UIColor.swift in Sources */ = {isa = PBXBuildFile; fileRef = 59D8F23E28085A83007A5A61 /* Extension+UIColor.swift */; };
		59D8F242280860F0007A5A61 /* WelcomeScreenRouter.swift in Sources */ = {isa = PBXBuildFile; fileRef = 59D8F241280860F0007A5A61 /* WelcomeScreenRouter.swift */; };
		59D8F245280862F7007A5A61 /* WelcomeScreenPresentor.swift in Sources */ = {isa = PBXBuildFile; fileRef = 59D8F244280862F7007A5A61 /* WelcomeScreenPresentor.swift */; };
		59D8F247280864AD007A5A61 /* WelcomeScreenViewOutput.swift in Sources */ = {isa = PBXBuildFile; fileRef = 59D8F246280864AD007A5A61 /* WelcomeScreenViewOutput.swift */; };
/* End PBXBuildFile section */

/* Begin PBXContainerItemProxy section */
		59D8F213280850D7007A5A61 /* PBXContainerItemProxy */ = {
			isa = PBXContainerItemProxy;
			containerPortal = 59D8F1F1280850D5007A5A61 /* Project object */;
			proxyType = 1;
			remoteGlobalIDString = 59D8F1F8280850D5007A5A61;
			remoteInfo = VK_Viper;
		};
		59D8F21D280850D7007A5A61 /* PBXContainerItemProxy */ = {
			isa = PBXContainerItemProxy;
			containerPortal = 59D8F1F1280850D5007A5A61 /* Project object */;
			proxyType = 1;
			remoteGlobalIDString = 59D8F1F8280850D5007A5A61;
			remoteInfo = VK_Viper;
		};
/* End PBXContainerItemProxy section */

/* Begin PBXFileReference section */
		593926A728086A1D00009005 /* OAuthVKViewController.swift */ = {isa = PBXFileReference; lastKnownFileType = sourcecode.swift; path = OAuthVKViewController.swift; sourceTree = "<group>"; };
		593926AA28086A6800009005 /* OAuthVKBuilder.swift */ = {isa = PBXFileReference; lastKnownFileType = sourcecode.swift; path = OAuthVKBuilder.swift; sourceTree = "<group>"; };
		593926AD28086CF800009005 /* OAuthVKView.swift */ = {isa = PBXFileReference; lastKnownFileType = sourcecode.swift; path = OAuthVKView.swift; sourceTree = "<group>"; };
		593926B0280883B400009005 /* OAuthVKPresentor.swift */ = {isa = PBXFileReference; lastKnownFileType = sourcecode.swift; path = OAuthVKPresentor.swift; sourceTree = "<group>"; };
		593926B2280883E300009005 /* OAuthVKViewOutput.swift */ = {isa = PBXFileReference; lastKnownFileType = sourcecode.swift; path = OAuthVKViewOutput.swift; sourceTree = "<group>"; };
		593926B52808841300009005 /* OAuthVKRouter.swift */ = {isa = PBXFileReference; lastKnownFileType = sourcecode.swift; path = OAuthVKRouter.swift; sourceTree = "<group>"; };
		593926B8280885EE00009005 /* OAuthVKInteractor.swift */ = {isa = PBXFileReference; lastKnownFileType = sourcecode.swift; path = OAuthVKInteractor.swift; sourceTree = "<group>"; };
		593926BB2808865400009005 /* OAuthVKService.swift */ = {isa = PBXFileReference; lastKnownFileType = sourcecode.swift; path = OAuthVKService.swift; sourceTree = "<group>"; };
		593926C128089D5800009005 /* ModelDataSession.swift */ = {isa = PBXFileReference; lastKnownFileType = sourcecode.swift; path = ModelDataSession.swift; sourceTree = "<group>"; };
		593926C328089E3500009005 /* Session.swift */ = {isa = PBXFileReference; lastKnownFileType = sourcecode.swift; path = Session.swift; sourceTree = "<group>"; };
		593926C528089E5900009005 /* SessionCaretaker.swift */ = {isa = PBXFileReference; lastKnownFileType = sourcecode.swift; path = SessionCaretaker.swift; sourceTree = "<group>"; };
		59621BE02809516A0043A8EA /* URLConfigurator.swift */ = {isa = PBXFileReference; lastKnownFileType = sourcecode.swift; path = URLConfigurator.swift; sourceTree = "<group>"; };
		59621BE22809528D0043A8EA /* WelcomeScreenService.swift */ = {isa = PBXFileReference; lastKnownFileType = sourcecode.swift; path = WelcomeScreenService.swift; sourceTree = "<group>"; };
		59621BE5280955700043A8EA /* Errors.swift */ = {isa = PBXFileReference; lastKnownFileType = sourcecode.swift; path = Errors.swift; sourceTree = "<group>"; };
		59621BE72809572D0043A8EA /* JSONModelTokenValid.swift */ = {isa = PBXFileReference; lastKnownFileType = sourcecode.swift; path = JSONModelTokenValid.swift; sourceTree = "<group>"; };
		59621BE92809589C0043A8EA /* ServiceTokenApp.swift */ = {isa = PBXFileReference; lastKnownFileType = sourcecode.swift; path = ServiceTokenApp.swift; sourceTree = "<group>"; };
		59621BEC28095E1C0043A8EA /* WelcomeScreenInteractor.swift */ = {isa = PBXFileReference; lastKnownFileType = sourcecode.swift; path = WelcomeScreenInteractor.swift; sourceTree = "<group>"; };
		59621BEF2809675C0043A8EA /* GeneralTabBar.swift */ = {isa = PBXFileReference; lastKnownFileType = sourcecode.swift; path = GeneralTabBar.swift; sourceTree = "<group>"; };
		59621BF4280969D10043A8EA /* ListMyFriendBuilder.swift */ = {isa = PBXFileReference; lastKnownFileType = sourcecode.swift; path = ListMyFriendBuilder.swift; sourceTree = "<group>"; };
		59621BF628096A040043A8EA /* ListMyFriendViewController.swift */ = {isa = PBXFileReference; lastKnownFileType = sourcecode.swift; path = ListMyFriendViewController.swift; sourceTree = "<group>"; };
		59621BF828097D530043A8EA /* Extension+UICollectionViewCell.swift */ = {isa = PBXFileReference; lastKnownFileType = sourcecode.swift; path = "Extension+UICollectionViewCell.swift"; sourceTree = "<group>"; };
		59621BFA28097D620043A8EA /* Extension+UITableViewCell.swift */ = {isa = PBXFileReference; lastKnownFileType = sourcecode.swift; path = "Extension+UITableViewCell.swift"; sourceTree = "<group>"; };
		59621BFD28097F1C0043A8EA /* HashImageService.swift */ = {isa = PBXFileReference; lastKnownFileType = sourcecode.swift; path = HashImageService.swift; sourceTree = "<group>"; };
		59621BFF2809847E0043A8EA /* Extension+UIImageView.swift */ = {isa = PBXFileReference; lastKnownFileType = sourcecode.swift; path = "Extension+UIImageView.swift"; sourceTree = "<group>"; };
		59621C022809873E0043A8EA /* ListMyFriendPresentor.swift */ = {isa = PBXFileReference; lastKnownFileType = sourcecode.swift; path = ListMyFriendPresentor.swift; sourceTree = "<group>"; };
		59621C05280987960043A8EA /* ListMyFriendInteractor.swift */ = {isa = PBXFileReference; lastKnownFileType = sourcecode.swift; path = ListMyFriendInteractor.swift; sourceTree = "<group>"; };
		59621C09280988B90043A8EA /* ListMyFriendService.swift */ = {isa = PBXFileReference; lastKnownFileType = sourcecode.swift; path = ListMyFriendService.swift; sourceTree = "<group>"; };
		59621C0B2809890C0043A8EA /* JSONModelListMyFriend.swift */ = {isa = PBXFileReference; lastKnownFileType = sourcecode.swift; path = JSONModelListMyFriend.swift; sourceTree = "<group>"; };
		59621C0D280990420043A8EA /* ListMyFriendViewControllerOutput.swift */ = {isa = PBXFileReference; lastKnownFileType = sourcecode.swift; path = ListMyFriendViewControllerOutput.swift; sourceTree = "<group>"; };
		5966C681280AA95B0012423B /* ListMyFriendView.swift */ = {isa = PBXFileReference; lastKnownFileType = sourcecode.swift; path = ListMyFriendView.swift; sourceTree = "<group>"; };
		5966C684280AAB120012423B /* ListMyFriendTableViewCell.swift */ = {isa = PBXFileReference; lastKnownFileType = sourcecode.swift; path = ListMyFriendTableViewCell.swift; sourceTree = "<group>"; };
		5966C687280AF8280012423B /* FriendSection.swift */ = {isa = PBXFileReference; lastKnownFileType = sourcecode.swift; path = FriendSection.swift; sourceTree = "<group>"; };
		5966C68E280AFD6A0012423B /* ProfileFriendView.swift */ = {isa = PBXFileReference; lastKnownFileType = sourcecode.swift; path = ProfileFriendView.swift; sourceTree = "<group>"; };
		5966C691280AFD8E0012423B /* ListMyFriendRouter.swift */ = {isa = PBXFileReference; lastKnownFileType = sourcecode.swift; path = ListMyFriendRouter.swift; sourceTree = "<group>"; };
		5966C693280B02A50012423B /* ProfileFriendPresentor.swift */ = {isa = PBXFileReference; lastKnownFileType = sourcecode.swift; path = ProfileFriendPresentor.swift; sourceTree = "<group>"; };
		5966C696280B05B00012423B /* ProfileFriendService.swift */ = {isa = PBXFileReference; lastKnownFileType = sourcecode.swift; path = ProfileFriendService.swift; sourceTree = "<group>"; };
		5966C699280B06890012423B /* ProfileFriendBuilder.swift */ = {isa = PBXFileReference; lastKnownFileType = sourcecode.swift; path = ProfileFriendBuilder.swift; sourceTree = "<group>"; };
		5966C69B280B173C0012423B /* JSONModelProfileFriend.swift */ = {isa = PBXFileReference; lastKnownFileType = sourcecode.swift; path = JSONModelProfileFriend.swift; sourceTree = "<group>"; };
		5966C69E280B1A690012423B /* ProfileFriendInteractor.swift */ = {isa = PBXFileReference; lastKnownFileType = sourcecode.swift; path = ProfileFriendInteractor.swift; sourceTree = "<group>"; };
		5966C6A6280B5EC90012423B /* SetAvatarFriend.swift */ = {isa = PBXFileReference; lastKnownFileType = sourcecode.swift; path = SetAvatarFriend.swift; sourceTree = "<group>"; };
		59739694280BEAEE00ABFA8E /* UserFriendsView.swift */ = {isa = PBXFileReference; lastKnownFileType = sourcecode.swift; path = UserFriendsView.swift; sourceTree = "<group>"; };
		59739697280BEB8C00ABFA8E /* UserFriendsViewCollectionCell.swift */ = {isa = PBXFileReference; lastKnownFileType = sourcecode.swift; path = UserFriendsViewCollectionCell.swift; sourceTree = "<group>"; };
		597396A1280C07D300ABFA8E /* DetailInfoUser.swift */ = {isa = PBXFileReference; lastKnownFileType = sourcecode.swift; path = DetailInfoUser.swift; sourceTree = "<group>"; };
		59D8F1F9280850D5007A5A61 /* VK_Viper.app */ = {isa = PBXFileReference; explicitFileType = wrapper.application; includeInIndex = 0; path = VK_Viper.app; sourceTree = BUILT_PRODUCTS_DIR; };
		59D8F1FC280850D5007A5A61 /* AppDelegate.swift */ = {isa = PBXFileReference; lastKnownFileType = sourcecode.swift; path = AppDelegate.swift; sourceTree = "<group>"; };
		59D8F1FE280850D5007A5A61 /* SceneDelegate.swift */ = {isa = PBXFileReference; lastKnownFileType = sourcecode.swift; path = SceneDelegate.swift; sourceTree = "<group>"; };
		59D8F206280850D5007A5A61 /* VK_Viper.xcdatamodel */ = {isa = PBXFileReference; lastKnownFileType = wrapper.xcdatamodel; path = VK_Viper.xcdatamodel; sourceTree = "<group>"; };
		59D8F208280850D7007A5A61 /* Assets.xcassets */ = {isa = PBXFileReference; lastKnownFileType = folder.assetcatalog; path = Assets.xcassets; sourceTree = "<group>"; };
		59D8F20B280850D7007A5A61 /* Base */ = {isa = PBXFileReference; lastKnownFileType = file.storyboard; name = Base; path = Base.lproj/LaunchScreen.storyboard; sourceTree = "<group>"; };
		59D8F20D280850D7007A5A61 /* Info.plist */ = {isa = PBXFileReference; lastKnownFileType = text.plist.xml; path = Info.plist; sourceTree = "<group>"; };
		59D8F212280850D7007A5A61 /* VK_ViperTests.xctest */ = {isa = PBXFileReference; explicitFileType = wrapper.cfbundle; includeInIndex = 0; path = VK_ViperTests.xctest; sourceTree = BUILT_PRODUCTS_DIR; };
		59D8F216280850D7007A5A61 /* VK_ViperTests.swift */ = {isa = PBXFileReference; lastKnownFileType = sourcecode.swift; path = VK_ViperTests.swift; sourceTree = "<group>"; };
		59D8F21C280850D7007A5A61 /* VK_ViperUITests.xctest */ = {isa = PBXFileReference; explicitFileType = wrapper.cfbundle; includeInIndex = 0; path = VK_ViperUITests.xctest; sourceTree = BUILT_PRODUCTS_DIR; };
		59D8F220280850D7007A5A61 /* VK_ViperUITests.swift */ = {isa = PBXFileReference; lastKnownFileType = sourcecode.swift; path = VK_ViperUITests.swift; sourceTree = "<group>"; };
		59D8F222280850D7007A5A61 /* VK_ViperUITestsLaunchTests.swift */ = {isa = PBXFileReference; lastKnownFileType = sourcecode.swift; path = VK_ViperUITestsLaunchTests.swift; sourceTree = "<group>"; };
		59D8F23728085243007A5A61 /* WelcomeScreenViewController.swift */ = {isa = PBXFileReference; lastKnownFileType = sourcecode.swift; path = WelcomeScreenViewController.swift; sourceTree = "<group>"; };
		59D8F23928085293007A5A61 /* WelcomeScreenBuilder.swift */ = {isa = PBXFileReference; lastKnownFileType = sourcecode.swift; path = WelcomeScreenBuilder.swift; sourceTree = "<group>"; };
		59D8F23C280854A6007A5A61 /* WelcomeScreenView.swift */ = {isa = PBXFileReference; lastKnownFileType = sourcecode.swift; path = WelcomeScreenView.swift; sourceTree = "<group>"; };
		59D8F23E28085A83007A5A61 /* Extension+UIColor.swift */ = {isa = PBXFileReference; lastKnownFileType = sourcecode.swift; path = "Extension+UIColor.swift"; sourceTree = "<group>"; };
		59D8F241280860F0007A5A61 /* WelcomeScreenRouter.swift */ = {isa = PBXFileReference; lastKnownFileType = sourcecode.swift; path = WelcomeScreenRouter.swift; sourceTree = "<group>"; };
		59D8F244280862F7007A5A61 /* WelcomeScreenPresentor.swift */ = {isa = PBXFileReference; lastKnownFileType = sourcecode.swift; path = WelcomeScreenPresentor.swift; sourceTree = "<group>"; };
		59D8F246280864AD007A5A61 /* WelcomeScreenViewOutput.swift */ = {isa = PBXFileReference; lastKnownFileType = sourcecode.swift; path = WelcomeScreenViewOutput.swift; sourceTree = "<group>"; };
/* End PBXFileReference section */

/* Begin PBXFrameworksBuildPhase section */
		59D8F1F6280850D5007A5A61 /* Frameworks */ = {
			isa = PBXFrameworksBuildPhase;
			buildActionMask = 2147483647;
			files = (
				5966C6A4280B3D280012423B /* Kingfisher in Frameworks */,
				5973969B280BF23200ABFA8E /* ASCollectionView in Frameworks */,
				59621BDF280951250043A8EA /* PromiseKit in Frameworks */,
			);
			runOnlyForDeploymentPostprocessing = 0;
		};
		59D8F20F280850D7007A5A61 /* Frameworks */ = {
			isa = PBXFrameworksBuildPhase;
			buildActionMask = 2147483647;
			files = (
			);
			runOnlyForDeploymentPostprocessing = 0;
		};
		59D8F219280850D7007A5A61 /* Frameworks */ = {
			isa = PBXFrameworksBuildPhase;
			buildActionMask = 2147483647;
			files = (
			);
			runOnlyForDeploymentPostprocessing = 0;
		};
/* End PBXFrameworksBuildPhase section */

/* Begin PBXGroup section */
		593926A928086A5900009005 /* Builder */ = {
			isa = PBXGroup;
			children = (
				593926AA28086A6800009005 /* OAuthVKBuilder.swift */,
			);
			path = Builder;
			sourceTree = "<group>";
		};
		593926AC28086CE700009005 /* View */ = {
			isa = PBXGroup;
			children = (
				593926AD28086CF800009005 /* OAuthVKView.swift */,
			);
			path = View;
			sourceTree = "<group>";
		};
		593926AF2808839F00009005 /* Presentor */ = {
			isa = PBXGroup;
			children = (
				593926B0280883B400009005 /* OAuthVKPresentor.swift */,
			);
			path = Presentor;
			sourceTree = "<group>";
		};
		593926B4280883FC00009005 /* Router */ = {
			isa = PBXGroup;
			children = (
				593926B52808841300009005 /* OAuthVKRouter.swift */,
			);
			path = Router;
			sourceTree = "<group>";
		};
		593926B7280885D500009005 /* Use Case Layer */ = {
			isa = PBXGroup;
			children = (
				593926B8280885EE00009005 /* OAuthVKInteractor.swift */,
			);
			path = "Use Case Layer";
			sourceTree = "<group>";
		};
		593926BA2808863E00009005 /* Service Layer */ = {
			isa = PBXGroup;
			children = (
				593926BB2808865400009005 /* OAuthVKService.swift */,
			);
			path = "Service Layer";
			sourceTree = "<group>";
		};
		593926BE28089CEA00009005 /* Extension */ = {
			isa = PBXGroup;
			children = (
				59D8F23E28085A83007A5A61 /* Extension+UIColor.swift */,
				59621BF828097D530043A8EA /* Extension+UICollectionViewCell.swift */,
				59621BFA28097D620043A8EA /* Extension+UITableViewCell.swift */,
				59621BFF2809847E0043A8EA /* Extension+UIImageView.swift */,
			);
			path = Extension;
			sourceTree = "<group>";
		};
		593926BF28089CFC00009005 /* UserDefaults */ = {
			isa = PBXGroup;
			children = (
				593926C028089D4500009005 /* Session */,
			);
			path = UserDefaults;
			sourceTree = "<group>";
		};
		593926C028089D4500009005 /* Session */ = {
			isa = PBXGroup;
			children = (
				593926C128089D5800009005 /* ModelDataSession.swift */,
				593926C328089E3500009005 /* Session.swift */,
				593926C528089E5900009005 /* SessionCaretaker.swift */,
			);
			path = Session;
			sourceTree = "<group>";
		};
		593926C72808A26300009005 /* ServiceLayer */ = {
			isa = PBXGroup;
			children = (
				59621BE22809528D0043A8EA /* WelcomeScreenService.swift */,
				59621BE72809572D0043A8EA /* JSONModelTokenValid.swift */,
				59621BE92809589C0043A8EA /* ServiceTokenApp.swift */,
			);
			path = ServiceLayer;
			sourceTree = "<group>";
		};
		59621BDC280950D40043A8EA /* URLConfigurator */ = {
			isa = PBXGroup;
			children = (
				59621BE02809516A0043A8EA /* URLConfigurator.swift */,
			);
			path = URLConfigurator;
			sourceTree = "<group>";
		};
		59621BE4280955550043A8EA /* Errors */ = {
			isa = PBXGroup;
			children = (
				59621BE5280955700043A8EA /* Errors.swift */,
			);
			path = Errors;
			sourceTree = "<group>";
		};
		59621BEB28095DFE0043A8EA /* Use Case Layer */ = {
			isa = PBXGroup;
			children = (
				59621BEC28095E1C0043A8EA /* WelcomeScreenInteractor.swift */,
			);
			path = "Use Case Layer";
			sourceTree = "<group>";
		};
		59621BEE280967110043A8EA /* General TabBar */ = {
			isa = PBXGroup;
			children = (
				59621BEF2809675C0043A8EA /* GeneralTabBar.swift */,
			);
			path = "General TabBar";
			sourceTree = "<group>";
		};
		59621BF12809698F0043A8EA /* List My Friend Screen */ = {
			isa = PBXGroup;
			children = (
				5966C690280AFD780012423B /* Router */,
				59621BF3280969BC0043A8EA /* Builder */,
				59621C04280987800043A8EA /* Use Case Layer */,
				59621C012809872B0043A8EA /* Presentor */,
				59621BF2280969A60043A8EA /* ViewController */,
			);
			path = "List My Friend Screen";
			sourceTree = "<group>";
		};
		59621BF2280969A60043A8EA /* ViewController */ = {
			isa = PBXGroup;
			children = (
				59621C082809884E0043A8EA /* Service Layer */,
				59621C07280988480043A8EA /* View */,
				59621BF628096A040043A8EA /* ListMyFriendViewController.swift */,
				59621C0D280990420043A8EA /* ListMyFriendViewControllerOutput.swift */,
			);
			path = ViewController;
			sourceTree = "<group>";
		};
		59621BF3280969BC0043A8EA /* Builder */ = {
			isa = PBXGroup;
			children = (
				59621BF4280969D10043A8EA /* ListMyFriendBuilder.swift */,
			);
			path = Builder;
			sourceTree = "<group>";
		};
		59621BFC28097EEA0043A8EA /* HashImageService */ = {
			isa = PBXGroup;
			children = (
				59621BFD28097F1C0043A8EA /* HashImageService.swift */,
			);
			path = HashImageService;
			sourceTree = "<group>";
		};
		59621C012809872B0043A8EA /* Presentor */ = {
			isa = PBXGroup;
			children = (
				5966C686280AF8070012423B /* Models */,
				59621C022809873E0043A8EA /* ListMyFriendPresentor.swift */,
			);
			path = Presentor;
			sourceTree = "<group>";
		};
		59621C04280987800043A8EA /* Use Case Layer */ = {
			isa = PBXGroup;
			children = (
				59621C05280987960043A8EA /* ListMyFriendInteractor.swift */,
			);
			path = "Use Case Layer";
			sourceTree = "<group>";
		};
		59621C07280988480043A8EA /* View */ = {
			isa = PBXGroup;
			children = (
				5966C683280AAB010012423B /* cell */,
				5966C681280AA95B0012423B /* ListMyFriendView.swift */,
			);
			path = View;
			sourceTree = "<group>";
		};
		59621C082809884E0043A8EA /* Service Layer */ = {
			isa = PBXGroup;
			children = (
				59621C09280988B90043A8EA /* ListMyFriendService.swift */,
				59621C0B2809890C0043A8EA /* JSONModelListMyFriend.swift */,
			);
			path = "Service Layer";
			sourceTree = "<group>";
		};
		5966C683280AAB010012423B /* cell */ = {
			isa = PBXGroup;
			children = (
				5966C684280AAB120012423B /* ListMyFriendTableViewCell.swift */,
			);
			path = cell;
			sourceTree = "<group>";
		};
		5966C686280AF8070012423B /* Models */ = {
			isa = PBXGroup;
			children = (
				5966C687280AF8280012423B /* FriendSection.swift */,
			);
			path = Models;
			sourceTree = "<group>";
		};
		5966C689280AFCE60012423B /* Profile Friend */ = {
			isa = PBXGroup;
			children = (
				5966C69D280B1A500012423B /* Use Case Layer */,
				5966C698280B066C0012423B /* Builder */,
				5966C68B280AFD330012423B /* Presentor */,
				5966C68A280AFD2F0012423B /* View */,
			);
			path = "Profile Friend";
			sourceTree = "<group>";
		};
		5966C68A280AFD2F0012423B /* View */ = {
			isa = PBXGroup;
			children = (
				59739696280BEB5900ABFA8E /* Cell */,
				5966C695280B030D0012423B /* Service Layer */,
				5966C68E280AFD6A0012423B /* ProfileFriendView.swift */,
				59739694280BEAEE00ABFA8E /* UserFriendsView.swift */,
				597396A1280C07D300ABFA8E /* DetailInfoUser.swift */,
			);
			path = View;
			sourceTree = "<group>";
		};
		5966C68B280AFD330012423B /* Presentor */ = {
			isa = PBXGroup;
			children = (
				5966C693280B02A50012423B /* ProfileFriendPresentor.swift */,
			);
			path = Presentor;
			sourceTree = "<group>";
		};
		5966C690280AFD780012423B /* Router */ = {
			isa = PBXGroup;
			children = (
				5966C691280AFD8E0012423B /* ListMyFriendRouter.swift */,
			);
			path = Router;
			sourceTree = "<group>";
		};
		5966C695280B030D0012423B /* Service Layer */ = {
			isa = PBXGroup;
			children = (
				5966C696280B05B00012423B /* ProfileFriendService.swift */,
				5966C69B280B173C0012423B /* JSONModelProfileFriend.swift */,
			);
			path = "Service Layer";
			sourceTree = "<group>";
		};
		5966C698280B066C0012423B /* Builder */ = {
			isa = PBXGroup;
			children = (
				5966C699280B06890012423B /* ProfileFriendBuilder.swift */,
			);
			path = Builder;
			sourceTree = "<group>";
		};
		5966C69D280B1A500012423B /* Use Case Layer */ = {
			isa = PBXGroup;
			children = (
				5966C69E280B1A690012423B /* ProfileFriendInteractor.swift */,
			);
			path = "Use Case Layer";
			sourceTree = "<group>";
		};
		5966C6A5280B5E930012423B /* ViewModifireSwiftUI */ = {
			isa = PBXGroup;
			children = (
				5966C6A6280B5EC90012423B /* SetAvatarFriend.swift */,
			);
			path = ViewModifireSwiftUI;
			sourceTree = "<group>";
		};
		59739696280BEB5900ABFA8E /* Cell */ = {
			isa = PBXGroup;
			children = (
				59739697280BEB8C00ABFA8E /* UserFriendsViewCollectionCell.swift */,
			);
			path = Cell;
			sourceTree = "<group>";
		};
		59D8F1F0280850D5007A5A61 = {
			isa = PBXGroup;
			children = (
				59D8F1FB280850D5007A5A61 /* VK_Viper */,
				59D8F215280850D7007A5A61 /* VK_ViperTests */,
				59D8F21F280850D7007A5A61 /* VK_ViperUITests */,
				59D8F1FA280850D5007A5A61 /* Products */,
			);
			sourceTree = "<group>";
		};
		59D8F1FA280850D5007A5A61 /* Products */ = {
			isa = PBXGroup;
			children = (
				59D8F1F9280850D5007A5A61 /* VK_Viper.app */,
				59D8F212280850D7007A5A61 /* VK_ViperTests.xctest */,
				59D8F21C280850D7007A5A61 /* VK_ViperUITests.xctest */,
			);
			name = Products;
			sourceTree = "<group>";
		};
		59D8F1FB280850D5007A5A61 /* VK_Viper */ = {
			isa = PBXGroup;
			children = (
				59D8F22F28085124007A5A61 /* App */,
				59D8F2312808519D007A5A61 /* Core */,
				59D8F233280851AD007A5A61 /* Environments */,
				59D8F232280851A3007A5A61 /* Resources */,
			);
			path = VK_Viper;
			sourceTree = "<group>";
		};
		59D8F215280850D7007A5A61 /* VK_ViperTests */ = {
			isa = PBXGroup;
			children = (
				59D8F216280850D7007A5A61 /* VK_ViperTests.swift */,
			);
			path = VK_ViperTests;
			sourceTree = "<group>";
		};
		59D8F21F280850D7007A5A61 /* VK_ViperUITests */ = {
			isa = PBXGroup;
			children = (
				59D8F220280850D7007A5A61 /* VK_ViperUITests.swift */,
				59D8F222280850D7007A5A61 /* VK_ViperUITestsLaunchTests.swift */,
			);
			path = VK_ViperUITests;
			sourceTree = "<group>";
		};
		59D8F22F28085124007A5A61 /* App */ = {
			isa = PBXGroup;
			children = (
				5966C689280AFCE60012423B /* Profile Friend */,
				59621BF12809698F0043A8EA /* List My Friend Screen */,
				59621BEE280967110043A8EA /* General TabBar */,
				59D8F248280869CE007A5A61 /* OAuthVK Screen */,
				59D8F23428085209007A5A61 /* Welcome Screen */,
				59D8F2302808512A007A5A61 /* App and Scene Delegate */,
			);
			path = App;
			sourceTree = "<group>";
		};
		59D8F2302808512A007A5A61 /* App and Scene Delegate */ = {
			isa = PBXGroup;
			children = (
				59D8F1FE280850D5007A5A61 /* SceneDelegate.swift */,
				59D8F1FC280850D5007A5A61 /* AppDelegate.swift */,
			);
			path = "App and Scene Delegate";
			sourceTree = "<group>";
		};
		59D8F2312808519D007A5A61 /* Core */ = {
			isa = PBXGroup;
			children = (
				5966C6A5280B5E930012423B /* ViewModifireSwiftUI */,
				59621BFC28097EEA0043A8EA /* HashImageService */,
				59621BE4280955550043A8EA /* Errors */,
				59621BDC280950D40043A8EA /* URLConfigurator */,
				593926BF28089CFC00009005 /* UserDefaults */,
				593926BE28089CEA00009005 /* Extension */,
			);
			path = Core;
			sourceTree = "<group>";
		};
		59D8F232280851A3007A5A61 /* Resources */ = {
			isa = PBXGroup;
			children = (
				59D8F20A280850D7007A5A61 /* LaunchScreen.storyboard */,
				59D8F208280850D7007A5A61 /* Assets.xcassets */,
			);
			path = Resources;
			sourceTree = "<group>";
		};
		59D8F233280851AD007A5A61 /* Environments */ = {
			isa = PBXGroup;
			children = (
				59D8F205280850D5007A5A61 /* VK_Viper.xcdatamodeld */,
				59D8F20D280850D7007A5A61 /* Info.plist */,
			);
			path = Environments;
			sourceTree = "<group>";
		};
		59D8F23428085209007A5A61 /* Welcome Screen */ = {
			isa = PBXGroup;
			children = (
				59621BEB28095DFE0043A8EA /* Use Case Layer */,
				59D8F243280862DE007A5A61 /* Presentor */,
				59D8F240280860DB007A5A61 /* Router */,
				59D8F2362808522A007A5A61 /* ViewController */,
				59D8F2352808521D007A5A61 /* Builder */,
			);
			path = "Welcome Screen";
			sourceTree = "<group>";
		};
		59D8F2352808521D007A5A61 /* Builder */ = {
			isa = PBXGroup;
			children = (
				59D8F23928085293007A5A61 /* WelcomeScreenBuilder.swift */,
			);
			path = Builder;
			sourceTree = "<group>";
		};
		59D8F2362808522A007A5A61 /* ViewController */ = {
			isa = PBXGroup;
			children = (
				593926C72808A26300009005 /* ServiceLayer */,
				59D8F23B280853C2007A5A61 /* View */,
				59D8F23728085243007A5A61 /* WelcomeScreenViewController.swift */,
				59D8F246280864AD007A5A61 /* WelcomeScreenViewOutput.swift */,
			);
			path = ViewController;
			sourceTree = "<group>";
		};
		59D8F23B280853C2007A5A61 /* View */ = {
			isa = PBXGroup;
			children = (
				59D8F23C280854A6007A5A61 /* WelcomeScreenView.swift */,
			);
			path = View;
			sourceTree = "<group>";
		};
		59D8F240280860DB007A5A61 /* Router */ = {
			isa = PBXGroup;
			children = (
				59D8F241280860F0007A5A61 /* WelcomeScreenRouter.swift */,
			);
			path = Router;
			sourceTree = "<group>";
		};
		59D8F243280862DE007A5A61 /* Presentor */ = {
			isa = PBXGroup;
			children = (
				59D8F244280862F7007A5A61 /* WelcomeScreenPresentor.swift */,
			);
			path = Presentor;
			sourceTree = "<group>";
		};
		59D8F248280869CE007A5A61 /* OAuthVK Screen */ = {
			isa = PBXGroup;
			children = (
				593926B7280885D500009005 /* Use Case Layer */,
				593926B4280883FC00009005 /* Router */,
				593926AF2808839F00009005 /* Presentor */,
				593926A928086A5900009005 /* Builder */,
				59D8F249280869E0007A5A61 /* ViewController */,
			);
			path = "OAuthVK Screen";
			sourceTree = "<group>";
		};
		59D8F249280869E0007A5A61 /* ViewController */ = {
			isa = PBXGroup;
			children = (
				593926BA2808863E00009005 /* Service Layer */,
				593926AC28086CE700009005 /* View */,
				593926A728086A1D00009005 /* OAuthVKViewController.swift */,
				593926B2280883E300009005 /* OAuthVKViewOutput.swift */,
			);
			path = ViewController;
			sourceTree = "<group>";
		};
/* End PBXGroup section */

/* Begin PBXNativeTarget section */
		59D8F1F8280850D5007A5A61 /* VK_Viper */ = {
			isa = PBXNativeTarget;
			buildConfigurationList = 59D8F226280850D7007A5A61 /* Build configuration list for PBXNativeTarget "VK_Viper" */;
			buildPhases = (
				59D8F1F5280850D5007A5A61 /* Sources */,
				59D8F1F6280850D5007A5A61 /* Frameworks */,
				59D8F1F7280850D5007A5A61 /* Resources */,
			);
			buildRules = (
			);
			dependencies = (
			);
			name = VK_Viper;
			packageProductDependencies = (
				59621BDE280951250043A8EA /* PromiseKit */,
				5966C6A3280B3D280012423B /* Kingfisher */,
				5973969A280BF23200ABFA8E /* ASCollectionView */,
			);
			productName = VK_Viper;
			productReference = 59D8F1F9280850D5007A5A61 /* VK_Viper.app */;
			productType = "com.apple.product-type.application";
		};
		59D8F211280850D7007A5A61 /* VK_ViperTests */ = {
			isa = PBXNativeTarget;
			buildConfigurationList = 59D8F229280850D7007A5A61 /* Build configuration list for PBXNativeTarget "VK_ViperTests" */;
			buildPhases = (
				59D8F20E280850D7007A5A61 /* Sources */,
				59D8F20F280850D7007A5A61 /* Frameworks */,
				59D8F210280850D7007A5A61 /* Resources */,
			);
			buildRules = (
			);
			dependencies = (
				59D8F214280850D7007A5A61 /* PBXTargetDependency */,
			);
			name = VK_ViperTests;
			productName = VK_ViperTests;
			productReference = 59D8F212280850D7007A5A61 /* VK_ViperTests.xctest */;
			productType = "com.apple.product-type.bundle.unit-test";
		};
		59D8F21B280850D7007A5A61 /* VK_ViperUITests */ = {
			isa = PBXNativeTarget;
			buildConfigurationList = 59D8F22C280850D7007A5A61 /* Build configuration list for PBXNativeTarget "VK_ViperUITests" */;
			buildPhases = (
				59D8F218280850D7007A5A61 /* Sources */,
				59D8F219280850D7007A5A61 /* Frameworks */,
				59D8F21A280850D7007A5A61 /* Resources */,
			);
			buildRules = (
			);
			dependencies = (
				59D8F21E280850D7007A5A61 /* PBXTargetDependency */,
			);
			name = VK_ViperUITests;
			productName = VK_ViperUITests;
			productReference = 59D8F21C280850D7007A5A61 /* VK_ViperUITests.xctest */;
			productType = "com.apple.product-type.bundle.ui-testing";
		};
/* End PBXNativeTarget section */

/* Begin PBXProject section */
		59D8F1F1280850D5007A5A61 /* Project object */ = {
			isa = PBXProject;
			attributes = {
				BuildIndependentTargetsInParallel = 1;
				LastSwiftUpdateCheck = 1330;
				LastUpgradeCheck = 1330;
				TargetAttributes = {
					59D8F1F8280850D5007A5A61 = {
						CreatedOnToolsVersion = 13.3.1;
					};
					59D8F211280850D7007A5A61 = {
						CreatedOnToolsVersion = 13.3.1;
						TestTargetID = 59D8F1F8280850D5007A5A61;
					};
					59D8F21B280850D7007A5A61 = {
						CreatedOnToolsVersion = 13.3.1;
						TestTargetID = 59D8F1F8280850D5007A5A61;
					};
				};
			};
			buildConfigurationList = 59D8F1F4280850D5007A5A61 /* Build configuration list for PBXProject "VK_Viper" */;
			compatibilityVersion = "Xcode 13.0";
			developmentRegion = en;
			hasScannedForEncodings = 0;
			knownRegions = (
				en,
				Base,
			);
			mainGroup = 59D8F1F0280850D5007A5A61;
			packageReferences = (
				59621BDD280951250043A8EA /* XCRemoteSwiftPackageReference "PromiseKit" */,
				5966C6A2280B3D270012423B /* XCRemoteSwiftPackageReference "Kingfisher" */,
				59739699280BF23200ABFA8E /* XCRemoteSwiftPackageReference "ASCollectionView" */,
			);
			productRefGroup = 59D8F1FA280850D5007A5A61 /* Products */;
			projectDirPath = "";
			projectRoot = "";
			targets = (
				59D8F1F8280850D5007A5A61 /* VK_Viper */,
				59D8F211280850D7007A5A61 /* VK_ViperTests */,
				59D8F21B280850D7007A5A61 /* VK_ViperUITests */,
			);
		};
/* End PBXProject section */

/* Begin PBXResourcesBuildPhase section */
		59D8F1F7280850D5007A5A61 /* Resources */ = {
			isa = PBXResourcesBuildPhase;
			buildActionMask = 2147483647;
			files = (
				59D8F20C280850D7007A5A61 /* LaunchScreen.storyboard in Resources */,
				59D8F209280850D7007A5A61 /* Assets.xcassets in Resources */,
			);
			runOnlyForDeploymentPostprocessing = 0;
		};
		59D8F210280850D7007A5A61 /* Resources */ = {
			isa = PBXResourcesBuildPhase;
			buildActionMask = 2147483647;
			files = (
			);
			runOnlyForDeploymentPostprocessing = 0;
		};
		59D8F21A280850D7007A5A61 /* Resources */ = {
			isa = PBXResourcesBuildPhase;
			buildActionMask = 2147483647;
			files = (
			);
			runOnlyForDeploymentPostprocessing = 0;
		};
/* End PBXResourcesBuildPhase section */

/* Begin PBXSourcesBuildPhase section */
		59D8F1F5280850D5007A5A61 /* Sources */ = {
			isa = PBXSourcesBuildPhase;
			buildActionMask = 2147483647;
			files = (
				59621BFE28097F1D0043A8EA /* HashImageService.swift in Sources */,
				59621BE12809516A0043A8EA /* URLConfigurator.swift in Sources */,
				593926C428089E3500009005 /* Session.swift in Sources */,
				59739698280BEB8C00ABFA8E /* UserFriendsViewCollectionCell.swift in Sources */,
				5966C69A280B06890012423B /* ProfileFriendBuilder.swift in Sources */,
				59D8F247280864AD007A5A61 /* WelcomeScreenViewOutput.swift in Sources */,
				59621BFB28097D620043A8EA /* Extension+UITableViewCell.swift in Sources */,
				59621BEA2809589C0043A8EA /* ServiceTokenApp.swift in Sources */,
				593926B62808841300009005 /* OAuthVKRouter.swift in Sources */,
				59621BE6280955700043A8EA /* Errors.swift in Sources */,
				59621C0A280988B90043A8EA /* ListMyFriendService.swift in Sources */,
				59D8F1FD280850D5007A5A61 /* AppDelegate.swift in Sources */,
				5966C69C280B173C0012423B /* JSONModelProfileFriend.swift in Sources */,
				5966C685280AAB120012423B /* ListMyFriendTableViewCell.swift in Sources */,
				59D8F242280860F0007A5A61 /* WelcomeScreenRouter.swift in Sources */,
				593926B3280883E300009005 /* OAuthVKViewOutput.swift in Sources */,
				593926B9280885EE00009005 /* OAuthVKInteractor.swift in Sources */,
				59621BF928097D540043A8EA /* Extension+UICollectionViewCell.swift in Sources */,
				59621BF5280969D10043A8EA /* ListMyFriendBuilder.swift in Sources */,
				593926C628089E5900009005 /* SessionCaretaker.swift in Sources */,
				593926AE28086CF800009005 /* OAuthVKView.swift in Sources */,
				59621BF02809675C0043A8EA /* GeneralTabBar.swift in Sources */,
				59D8F23828085243007A5A61 /* WelcomeScreenViewController.swift in Sources */,
				59621C002809847E0043A8EA /* Extension+UIImageView.swift in Sources */,
				5966C688280AF8280012423B /* FriendSection.swift in Sources */,
				5966C68F280AFD6A0012423B /* ProfileFriendView.swift in Sources */,
				5966C69F280B1A690012423B /* ProfileFriendInteractor.swift in Sources */,
				59D8F23F28085A83007A5A61 /* Extension+UIColor.swift in Sources */,
				59621C06280987960043A8EA /* ListMyFriendInteractor.swift in Sources */,
				593926AB28086A6800009005 /* OAuthVKBuilder.swift in Sources */,
				59621C0E280990420043A8EA /* ListMyFriendViewControllerOutput.swift in Sources */,
				59D8F1FF280850D5007A5A61 /* SceneDelegate.swift in Sources */,
				59621BE32809528D0043A8EA /* WelcomeScreenService.swift in Sources */,
				59D8F23D280854A6007A5A61 /* WelcomeScreenView.swift in Sources */,
				5966C692280AFD8E0012423B /* ListMyFriendRouter.swift in Sources */,
				59621C032809873E0043A8EA /* ListMyFriendPresentor.swift in Sources */,
				593926C228089D5800009005 /* ModelDataSession.swift in Sources */,
				593926BC2808865400009005 /* OAuthVKService.swift in Sources */,
				5966C682280AA95B0012423B /* ListMyFriendView.swift in Sources */,
				59D8F207280850D5007A5A61 /* VK_Viper.xcdatamodeld in Sources */,
				5966C694280B02A50012423B /* ProfileFriendPresentor.swift in Sources */,
				597396A2280C07D300ABFA8E /* DetailInfoUser.swift in Sources */,
				59621BED28095E1C0043A8EA /* WelcomeScreenInteractor.swift in Sources */,
				59621BE82809572D0043A8EA /* JSONModelTokenValid.swift in Sources */,
				59D8F245280862F7007A5A61 /* WelcomeScreenPresentor.swift in Sources */,
				59621BF728096A040043A8EA /* ListMyFriendViewController.swift in Sources */,
				5966C697280B05B00012423B /* ProfileFriendService.swift in Sources */,
				59739695280BEAEE00ABFA8E /* UserFriendsView.swift in Sources */,
				593926A828086A1D00009005 /* OAuthVKViewController.swift in Sources */,
				59621C0C2809890D0043A8EA /* JSONModelListMyFriend.swift in Sources */,
				5966C6A7280B5EC90012423B /* SetAvatarFriend.swift in Sources */,
				59D8F23A28085293007A5A61 /* WelcomeScreenBuilder.swift in Sources */,
				593926B1280883B400009005 /* OAuthVKPresentor.swift in Sources */,
			);
			runOnlyForDeploymentPostprocessing = 0;
		};
		59D8F20E280850D7007A5A61 /* Sources */ = {
			isa = PBXSourcesBuildPhase;
			buildActionMask = 2147483647;
			files = (
				59D8F217280850D7007A5A61 /* VK_ViperTests.swift in Sources */,
			);
			runOnlyForDeploymentPostprocessing = 0;
		};
		59D8F218280850D7007A5A61 /* Sources */ = {
			isa = PBXSourcesBuildPhase;
			buildActionMask = 2147483647;
			files = (
				59D8F223280850D7007A5A61 /* VK_ViperUITestsLaunchTests.swift in Sources */,
				59D8F221280850D7007A5A61 /* VK_ViperUITests.swift in Sources */,
			);
			runOnlyForDeploymentPostprocessing = 0;
		};
/* End PBXSourcesBuildPhase section */

/* Begin PBXTargetDependency section */
		59D8F214280850D7007A5A61 /* PBXTargetDependency */ = {
			isa = PBXTargetDependency;
			target = 59D8F1F8280850D5007A5A61 /* VK_Viper */;
			targetProxy = 59D8F213280850D7007A5A61 /* PBXContainerItemProxy */;
		};
		59D8F21E280850D7007A5A61 /* PBXTargetDependency */ = {
			isa = PBXTargetDependency;
			target = 59D8F1F8280850D5007A5A61 /* VK_Viper */;
			targetProxy = 59D8F21D280850D7007A5A61 /* PBXContainerItemProxy */;
		};
/* End PBXTargetDependency section */

/* Begin PBXVariantGroup section */
		59D8F20A280850D7007A5A61 /* LaunchScreen.storyboard */ = {
			isa = PBXVariantGroup;
			children = (
				59D8F20B280850D7007A5A61 /* Base */,
			);
			name = LaunchScreen.storyboard;
			sourceTree = "<group>";
		};
/* End PBXVariantGroup section */

/* Begin XCBuildConfiguration section */
		59D8F224280850D7007A5A61 /* Debug */ = {
			isa = XCBuildConfiguration;
			buildSettings = {
				ALWAYS_SEARCH_USER_PATHS = NO;
				CLANG_ANALYZER_NONNULL = YES;
				CLANG_ANALYZER_NUMBER_OBJECT_CONVERSION = YES_AGGRESSIVE;
				CLANG_CXX_LANGUAGE_STANDARD = "gnu++17";
				CLANG_ENABLE_MODULES = YES;
				CLANG_ENABLE_OBJC_ARC = YES;
				CLANG_ENABLE_OBJC_WEAK = YES;
				CLANG_WARN_BLOCK_CAPTURE_AUTORELEASING = YES;
				CLANG_WARN_BOOL_CONVERSION = YES;
				CLANG_WARN_COMMA = YES;
				CLANG_WARN_CONSTANT_CONVERSION = YES;
				CLANG_WARN_DEPRECATED_OBJC_IMPLEMENTATIONS = YES;
				CLANG_WARN_DIRECT_OBJC_ISA_USAGE = YES_ERROR;
				CLANG_WARN_DOCUMENTATION_COMMENTS = YES;
				CLANG_WARN_EMPTY_BODY = YES;
				CLANG_WARN_ENUM_CONVERSION = YES;
				CLANG_WARN_INFINITE_RECURSION = YES;
				CLANG_WARN_INT_CONVERSION = YES;
				CLANG_WARN_NON_LITERAL_NULL_CONVERSION = YES;
				CLANG_WARN_OBJC_IMPLICIT_RETAIN_SELF = YES;
				CLANG_WARN_OBJC_LITERAL_CONVERSION = YES;
				CLANG_WARN_OBJC_ROOT_CLASS = YES_ERROR;
				CLANG_WARN_QUOTED_INCLUDE_IN_FRAMEWORK_HEADER = YES;
				CLANG_WARN_RANGE_LOOP_ANALYSIS = YES;
				CLANG_WARN_STRICT_PROTOTYPES = YES;
				CLANG_WARN_SUSPICIOUS_MOVE = YES;
				CLANG_WARN_UNGUARDED_AVAILABILITY = YES_AGGRESSIVE;
				CLANG_WARN_UNREACHABLE_CODE = YES;
				CLANG_WARN__DUPLICATE_METHOD_MATCH = YES;
				COPY_PHASE_STRIP = NO;
				DEBUG_INFORMATION_FORMAT = dwarf;
				ENABLE_STRICT_OBJC_MSGSEND = YES;
				ENABLE_TESTABILITY = YES;
				GCC_C_LANGUAGE_STANDARD = gnu11;
				GCC_DYNAMIC_NO_PIC = NO;
				GCC_NO_COMMON_BLOCKS = YES;
				GCC_OPTIMIZATION_LEVEL = 0;
				GCC_PREPROCESSOR_DEFINITIONS = (
					"DEBUG=1",
					"$(inherited)",
				);
				GCC_WARN_64_TO_32_BIT_CONVERSION = YES;
				GCC_WARN_ABOUT_RETURN_TYPE = YES_ERROR;
				GCC_WARN_UNDECLARED_SELECTOR = YES;
				GCC_WARN_UNINITIALIZED_AUTOS = YES_AGGRESSIVE;
				GCC_WARN_UNUSED_FUNCTION = YES;
				GCC_WARN_UNUSED_VARIABLE = YES;
				IPHONEOS_DEPLOYMENT_TARGET = 14.0;
				MTL_ENABLE_DEBUG_INFO = INCLUDE_SOURCE;
				MTL_FAST_MATH = YES;
				ONLY_ACTIVE_ARCH = YES;
				SDKROOT = iphoneos;
				SWIFT_ACTIVE_COMPILATION_CONDITIONS = DEBUG;
				SWIFT_OPTIMIZATION_LEVEL = "-Onone";
			};
			name = Debug;
		};
		59D8F225280850D7007A5A61 /* Release */ = {
			isa = XCBuildConfiguration;
			buildSettings = {
				ALWAYS_SEARCH_USER_PATHS = NO;
				CLANG_ANALYZER_NONNULL = YES;
				CLANG_ANALYZER_NUMBER_OBJECT_CONVERSION = YES_AGGRESSIVE;
				CLANG_CXX_LANGUAGE_STANDARD = "gnu++17";
				CLANG_ENABLE_MODULES = YES;
				CLANG_ENABLE_OBJC_ARC = YES;
				CLANG_ENABLE_OBJC_WEAK = YES;
				CLANG_WARN_BLOCK_CAPTURE_AUTORELEASING = YES;
				CLANG_WARN_BOOL_CONVERSION = YES;
				CLANG_WARN_COMMA = YES;
				CLANG_WARN_CONSTANT_CONVERSION = YES;
				CLANG_WARN_DEPRECATED_OBJC_IMPLEMENTATIONS = YES;
				CLANG_WARN_DIRECT_OBJC_ISA_USAGE = YES_ERROR;
				CLANG_WARN_DOCUMENTATION_COMMENTS = YES;
				CLANG_WARN_EMPTY_BODY = YES;
				CLANG_WARN_ENUM_CONVERSION = YES;
				CLANG_WARN_INFINITE_RECURSION = YES;
				CLANG_WARN_INT_CONVERSION = YES;
				CLANG_WARN_NON_LITERAL_NULL_CONVERSION = YES;
				CLANG_WARN_OBJC_IMPLICIT_RETAIN_SELF = YES;
				CLANG_WARN_OBJC_LITERAL_CONVERSION = YES;
				CLANG_WARN_OBJC_ROOT_CLASS = YES_ERROR;
				CLANG_WARN_QUOTED_INCLUDE_IN_FRAMEWORK_HEADER = YES;
				CLANG_WARN_RANGE_LOOP_ANALYSIS = YES;
				CLANG_WARN_STRICT_PROTOTYPES = YES;
				CLANG_WARN_SUSPICIOUS_MOVE = YES;
				CLANG_WARN_UNGUARDED_AVAILABILITY = YES_AGGRESSIVE;
				CLANG_WARN_UNREACHABLE_CODE = YES;
				CLANG_WARN__DUPLICATE_METHOD_MATCH = YES;
				COPY_PHASE_STRIP = NO;
				DEBUG_INFORMATION_FORMAT = "dwarf-with-dsym";
				ENABLE_NS_ASSERTIONS = NO;
				ENABLE_STRICT_OBJC_MSGSEND = YES;
				GCC_C_LANGUAGE_STANDARD = gnu11;
				GCC_NO_COMMON_BLOCKS = YES;
				GCC_WARN_64_TO_32_BIT_CONVERSION = YES;
				GCC_WARN_ABOUT_RETURN_TYPE = YES_ERROR;
				GCC_WARN_UNDECLARED_SELECTOR = YES;
				GCC_WARN_UNINITIALIZED_AUTOS = YES_AGGRESSIVE;
				GCC_WARN_UNUSED_FUNCTION = YES;
				GCC_WARN_UNUSED_VARIABLE = YES;
				IPHONEOS_DEPLOYMENT_TARGET = 14.0;
				MTL_ENABLE_DEBUG_INFO = NO;
				MTL_FAST_MATH = YES;
				SDKROOT = iphoneos;
				SWIFT_COMPILATION_MODE = wholemodule;
				SWIFT_OPTIMIZATION_LEVEL = "-O";
				VALIDATE_PRODUCT = YES;
			};
			name = Release;
		};
		59D8F227280850D7007A5A61 /* Debug */ = {
			isa = XCBuildConfiguration;
			buildSettings = {
				ASSETCATALOG_COMPILER_APPICON_NAME = AppIcon;
				ASSETCATALOG_COMPILER_GLOBAL_ACCENT_COLOR_NAME = AccentColor;
				CODE_SIGN_STYLE = Automatic;
				CURRENT_PROJECT_VERSION = 1;
				DEVELOPMENT_TEAM = QPTD792UJB;
				GENERATE_INFOPLIST_FILE = YES;
				INFOPLIST_FILE = VK_Viper/Environments/Info.plist;
				INFOPLIST_KEY_UIApplicationSupportsIndirectInputEvents = YES;
				INFOPLIST_KEY_UILaunchStoryboardName = LaunchScreen;
				INFOPLIST_KEY_UISupportedInterfaceOrientations_iPad = "UIInterfaceOrientationPortrait UIInterfaceOrientationPortraitUpsideDown UIInterfaceOrientationLandscapeLeft UIInterfaceOrientationLandscapeRight";
				INFOPLIST_KEY_UISupportedInterfaceOrientations_iPhone = "UIInterfaceOrientationPortrait UIInterfaceOrientationLandscapeLeft UIInterfaceOrientationLandscapeRight";
				LD_RUNPATH_SEARCH_PATHS = (
					"$(inherited)",
					"@executable_path/Frameworks",
				);
				MARKETING_VERSION = 1.0;
				PRODUCT_BUNDLE_IDENTIFIER = "VitaliySukhoroslov.VK-Viper";
				PRODUCT_NAME = "$(TARGET_NAME)";
				SWIFT_EMIT_LOC_STRINGS = YES;
				SWIFT_VERSION = 5.0;
				TARGETED_DEVICE_FAMILY = 1;
			};
			name = Debug;
		};
		59D8F228280850D7007A5A61 /* Release */ = {
			isa = XCBuildConfiguration;
			buildSettings = {
				ASSETCATALOG_COMPILER_APPICON_NAME = AppIcon;
				ASSETCATALOG_COMPILER_GLOBAL_ACCENT_COLOR_NAME = AccentColor;
				CODE_SIGN_STYLE = Automatic;
				CURRENT_PROJECT_VERSION = 1;
				DEVELOPMENT_TEAM = QPTD792UJB;
				GENERATE_INFOPLIST_FILE = YES;
				INFOPLIST_FILE = VK_Viper/Environments/Info.plist;
				INFOPLIST_KEY_UIApplicationSupportsIndirectInputEvents = YES;
				INFOPLIST_KEY_UILaunchStoryboardName = LaunchScreen;
				INFOPLIST_KEY_UISupportedInterfaceOrientations_iPad = "UIInterfaceOrientationPortrait UIInterfaceOrientationPortraitUpsideDown UIInterfaceOrientationLandscapeLeft UIInterfaceOrientationLandscapeRight";
				INFOPLIST_KEY_UISupportedInterfaceOrientations_iPhone = "UIInterfaceOrientationPortrait UIInterfaceOrientationLandscapeLeft UIInterfaceOrientationLandscapeRight";
				LD_RUNPATH_SEARCH_PATHS = (
					"$(inherited)",
					"@executable_path/Frameworks",
				);
				MARKETING_VERSION = 1.0;
				PRODUCT_BUNDLE_IDENTIFIER = "VitaliySukhoroslov.VK-Viper";
				PRODUCT_NAME = "$(TARGET_NAME)";
				SWIFT_EMIT_LOC_STRINGS = YES;
				SWIFT_VERSION = 5.0;
				TARGETED_DEVICE_FAMILY = 1;
			};
			name = Release;
		};
		59D8F22A280850D7007A5A61 /* Debug */ = {
			isa = XCBuildConfiguration;
			buildSettings = {
				ALWAYS_EMBED_SWIFT_STANDARD_LIBRARIES = YES;
				BUNDLE_LOADER = "$(TEST_HOST)";
				CODE_SIGN_STYLE = Automatic;
				CURRENT_PROJECT_VERSION = 1;
				DEVELOPMENT_TEAM = QPTD792UJB;
				GENERATE_INFOPLIST_FILE = YES;
				IPHONEOS_DEPLOYMENT_TARGET = 15.4;
				MARKETING_VERSION = 1.0;
				PRODUCT_BUNDLE_IDENTIFIER = "VitaliySukhoroslov.VK-ViperTests";
				PRODUCT_NAME = "$(TARGET_NAME)";
				SWIFT_EMIT_LOC_STRINGS = NO;
				SWIFT_VERSION = 5.0;
				TARGETED_DEVICE_FAMILY = "1,2";
				TEST_HOST = "$(BUILT_PRODUCTS_DIR)/VK_Viper.app/VK_Viper";
			};
			name = Debug;
		};
		59D8F22B280850D7007A5A61 /* Release */ = {
			isa = XCBuildConfiguration;
			buildSettings = {
				ALWAYS_EMBED_SWIFT_STANDARD_LIBRARIES = YES;
				BUNDLE_LOADER = "$(TEST_HOST)";
				CODE_SIGN_STYLE = Automatic;
				CURRENT_PROJECT_VERSION = 1;
				DEVELOPMENT_TEAM = QPTD792UJB;
				GENERATE_INFOPLIST_FILE = YES;
				IPHONEOS_DEPLOYMENT_TARGET = 15.4;
				MARKETING_VERSION = 1.0;
				PRODUCT_BUNDLE_IDENTIFIER = "VitaliySukhoroslov.VK-ViperTests";
				PRODUCT_NAME = "$(TARGET_NAME)";
				SWIFT_EMIT_LOC_STRINGS = NO;
				SWIFT_VERSION = 5.0;
				TARGETED_DEVICE_FAMILY = "1,2";
				TEST_HOST = "$(BUILT_PRODUCTS_DIR)/VK_Viper.app/VK_Viper";
			};
			name = Release;
		};
		59D8F22D280850D7007A5A61 /* Debug */ = {
			isa = XCBuildConfiguration;
			buildSettings = {
				ALWAYS_EMBED_SWIFT_STANDARD_LIBRARIES = YES;
				CODE_SIGN_STYLE = Automatic;
				CURRENT_PROJECT_VERSION = 1;
				DEVELOPMENT_TEAM = QPTD792UJB;
				GENERATE_INFOPLIST_FILE = YES;
				MARKETING_VERSION = 1.0;
				PRODUCT_BUNDLE_IDENTIFIER = "VitaliySukhoroslov.VK-ViperUITests";
				PRODUCT_NAME = "$(TARGET_NAME)";
				SWIFT_EMIT_LOC_STRINGS = NO;
				SWIFT_VERSION = 5.0;
				TARGETED_DEVICE_FAMILY = "1,2";
				TEST_TARGET_NAME = VK_Viper;
			};
			name = Debug;
		};
		59D8F22E280850D7007A5A61 /* Release */ = {
			isa = XCBuildConfiguration;
			buildSettings = {
				ALWAYS_EMBED_SWIFT_STANDARD_LIBRARIES = YES;
				CODE_SIGN_STYLE = Automatic;
				CURRENT_PROJECT_VERSION = 1;
				DEVELOPMENT_TEAM = QPTD792UJB;
				GENERATE_INFOPLIST_FILE = YES;
				MARKETING_VERSION = 1.0;
				PRODUCT_BUNDLE_IDENTIFIER = "VitaliySukhoroslov.VK-ViperUITests";
				PRODUCT_NAME = "$(TARGET_NAME)";
				SWIFT_EMIT_LOC_STRINGS = NO;
				SWIFT_VERSION = 5.0;
				TARGETED_DEVICE_FAMILY = "1,2";
				TEST_TARGET_NAME = VK_Viper;
			};
			name = Release;
		};
/* End XCBuildConfiguration section */

/* Begin XCConfigurationList section */
		59D8F1F4280850D5007A5A61 /* Build configuration list for PBXProject "VK_Viper" */ = {
			isa = XCConfigurationList;
			buildConfigurations = (
				59D8F224280850D7007A5A61 /* Debug */,
				59D8F225280850D7007A5A61 /* Release */,
			);
			defaultConfigurationIsVisible = 0;
			defaultConfigurationName = Release;
		};
		59D8F226280850D7007A5A61 /* Build configuration list for PBXNativeTarget "VK_Viper" */ = {
			isa = XCConfigurationList;
			buildConfigurations = (
				59D8F227280850D7007A5A61 /* Debug */,
				59D8F228280850D7007A5A61 /* Release */,
			);
			defaultConfigurationIsVisible = 0;
			defaultConfigurationName = Release;
		};
		59D8F229280850D7007A5A61 /* Build configuration list for PBXNativeTarget "VK_ViperTests" */ = {
			isa = XCConfigurationList;
			buildConfigurations = (
				59D8F22A280850D7007A5A61 /* Debug */,
				59D8F22B280850D7007A5A61 /* Release */,
			);
			defaultConfigurationIsVisible = 0;
			defaultConfigurationName = Release;
		};
		59D8F22C280850D7007A5A61 /* Build configuration list for PBXNativeTarget "VK_ViperUITests" */ = {
			isa = XCConfigurationList;
			buildConfigurations = (
				59D8F22D280850D7007A5A61 /* Debug */,
				59D8F22E280850D7007A5A61 /* Release */,
			);
			defaultConfigurationIsVisible = 0;
			defaultConfigurationName = Release;
		};
/* End XCConfigurationList section */

/* Begin XCRemoteSwiftPackageReference section */
		59621BDD280951250043A8EA /* XCRemoteSwiftPackageReference "PromiseKit" */ = {
			isa = XCRemoteSwiftPackageReference;
			repositoryURL = "https://github.com/mxcl/PromiseKit.git";
			requirement = {
				branch = v6;
				kind = branch;
			};
		};
		5966C6A2280B3D270012423B /* XCRemoteSwiftPackageReference "Kingfisher" */ = {
			isa = XCRemoteSwiftPackageReference;
			repositoryURL = "https://github.com/onevcat/Kingfisher.git";
			requirement = {
				branch = master;
				kind = branch;
			};
		};
		59739699280BF23200ABFA8E /* XCRemoteSwiftPackageReference "ASCollectionView" */ = {
			isa = XCRemoteSwiftPackageReference;
			repositoryURL = "https://github.com/apptekstudios/ASCollectionView.git";
			requirement = {
				branch = master;
				kind = branch;
			};
		};
/* End XCRemoteSwiftPackageReference section */

/* Begin XCSwiftPackageProductDependency section */
		59621BDE280951250043A8EA /* PromiseKit */ = {
			isa = XCSwiftPackageProductDependency;
			package = 59621BDD280951250043A8EA /* XCRemoteSwiftPackageReference "PromiseKit" */;
			productName = PromiseKit;
		};
		5966C6A3280B3D280012423B /* Kingfisher */ = {
			isa = XCSwiftPackageProductDependency;
			package = 5966C6A2280B3D270012423B /* XCRemoteSwiftPackageReference "Kingfisher" */;
			productName = Kingfisher;
		};
		5973969A280BF23200ABFA8E /* ASCollectionView */ = {
			isa = XCSwiftPackageProductDependency;
			package = 59739699280BF23200ABFA8E /* XCRemoteSwiftPackageReference "ASCollectionView" */;
			productName = ASCollectionView;
		};
/* End XCSwiftPackageProductDependency section */

/* Begin XCVersionGroup section */
		59D8F205280850D5007A5A61 /* VK_Viper.xcdatamodeld */ = {
			isa = XCVersionGroup;
			children = (
				59D8F206280850D5007A5A61 /* VK_Viper.xcdatamodel */,
			);
			currentVersion = 59D8F206280850D5007A5A61 /* VK_Viper.xcdatamodel */;
			path = VK_Viper.xcdatamodeld;
			sourceTree = "<group>";
			versionGroupType = wrapper.xcdatamodel;
		};
/* End XCVersionGroup section */
	};
	rootObject = 59D8F1F1280850D5007A5A61 /* Project object */;
}
