{
  "pins" : [
    {
      "identity" : "ascollectionview",
      "kind" : "remoteSourceControl",
      "location" : "https://github.com/apptekstudios/ASCollectionView.git",
      "state" : {
        "branch" : "master",
        "revision" : "2742a1233b76855ae80af93df0a89ecc329ea7f7"
      }
    },
    {
      "identity" : "differencekit",
      "kind" : "remoteSourceControl",
      "location" : "https://github.com/ra1028/DifferenceKit",
      "state" : {
        "revision" : "62745d7780deef4a023a792a1f8f763ec7bf9705",
        "version" : "1.2.0"
      }
    },
    {
      "identity" : "kingfisher",
      "kind" : "remoteSourceControl",
      "location" : "https://github.com/onevcat/Kingfisher.git",
      "state" : {
        "branch" : "master",
        "revision" : "bef0d09d2cab299fdeb2446de080df9f2b7dee91"
      }
    },
    {
      "identity" : "promisekit",
      "kind" : "remoteSourceControl",
      "location" : "https://github.com/mxcl/PromiseKit.git",
      "state" : {
        "branch" : "v6",
        "revision" : "8bf2e3a7c41c00d99ab210459444f59e96a9918d"
      }
    }
  ],
  "version" : 2
}
