{
  "pins" : [
    {
      "identity" : "kingfisher",
      "kind" : "remoteSourceControl",
      "location" : "https://github.com/onevcat/Kingfisher.git",
      "state" : {
        "branch" : "master",
        "revision" : "bef0d09d2cab299fdeb2446de080df9f2b7dee91"
      }
    },
    {
      "identity" : "promisekit",
      "kind" : "remoteSourceControl",
      "location" : "https://github.com/mxcl/PromiseKit.git",
      "state" : {
        "branch" : "v6",
        "revision" : "8bf2e3a7c41c00d99ab210459444f59e96a9918d"
      }
    }
  ],
  "version" : 2
}
